
Microsoft Visual Studio Solution File, Format Version 12.00
# Visual Studio 15
VisualStudioVersion = 15.0.28307.271
MinimumVisualStudioVersion = 10.0.40219.1
Project("{9A19103F-16F7-4668-BE54-9A1E7A4F7556}") = "HeadlessChromium.Puppeter.Lambda.Dotnet", "HeadlessChromium.Puppeter.Lambda.Dotnet\HeadlessChromium.Puppeter.Lambda.Dotnet.csproj", "{79BE7D60-5629-4E31-8F0F-3A92F9B5471C}"
EndProject
Global
	GlobalSection(SolutionConfigurationPlatforms) = preSolution
		Debug|Any CPU = Debug|Any CPU
		Release|Any CPU = Release|Any CPU
	EndGlobalSection
	GlobalSection(ProjectConfigurationPlatforms) = postSolution
		{79BE7D60-5629-4E31-8F0F-3A92F9B5471C}.Debug|Any CPU.ActiveCfg = Debug|Any CPU
		{79BE7D60-5629-4E31-8F0F-3A92F9B5471C}.Debug|Any CPU.Build.0 = Debug|Any CPU
		{79BE7D60-5629-4E31-8F0F-3A92F9B5471C}.Release|Any CPU.ActiveCfg = Release|Any CPU
		{79BE7D60-5629-4E31-8F0F-3A92F9B5471C}.Release|Any CPU.Build.0 = Release|Any CPU
	EndGlobalSection
	GlobalSection(SolutionProperties) = preSolution
		HideSolutionNode = FALSE
	EndGlobalSection
	GlobalSection(ExtensibilityGlobals) = postSolution
		SolutionGuid = {8E80BAD9-8749-47EC-814C-A1AE434E5F9A}
	EndGlobalSection
EndGlobal
